
Microsoft Visual Studio Solution File, Format Version 12.00
# Visual Studio Version 17
VisualStudioVersion = 17.14.36414.22 d17.14
MinimumVisualStudioVersion = 10.0.40219.1
Project("{2150E333-8FDC-42A3-9474-1A3956D46DE8}") = "Doc", "Doc", "{02EA681E-C7D8-13C7-8484-4AC65E1B71E8}"
EndProject
Project("{2150E333-8FDC-42A3-9474-1A3956D46DE8}") = "Src", "Src", "{369CB01D-A1A7-72D2-AABC-3F0945D148A2}"
EndProject
Project("{2150E333-8FDC-42A3-9474-1A3956D46DE8}") = "Test", "Test", "{7DC331D0-3EC4-40A6-69FB-1CBEB2E0D1EA}"
EndProject
Project("{2150E333-8FDC-42A3-9474-1A3956D46DE8}") = "Core", "Core", "{72C9DD0D-AD19-4D91-AF33-2C9F8378BF03}"
EndProject
Project("{2150E333-8FDC-42A3-9474-1A3956D46DE8}") = "Infrastructure", "Infrastructure", "{90AE00CB-792F-4DEF-96CE-01354E7BF90F}"
EndProject
Project("{2150E333-8FDC-42A3-9474-1A3956D46DE8}") = "Presentation", "Presentation", "{4F401FF3-3C3B-4077-9239-F1E954C6E2DB}"
EndProject
Project("{2150E333-8FDC-42A3-9474-1A3956D46DE8}") = "Common", "Common", "{EA7F1814-897A-4A59-8905-F6C1BC75EED7}"
EndProject
Project("{FAE04EC0-301F-11D3-BF4B-00C04F79EFBC}") = "Clean.Domain", "Clean.Domain\Clean.Domain.csproj", "{ECD73388-936B-4F8E-96AF-D110FD1B761E}"
EndProject
Project("{FAE04EC0-301F-11D3-BF4B-00C04F79EFBC}") = "Clean.Application", "Clean.Application\Clean.Application.csproj", "{50D7D8AC-0DA4-4F03-B751-3875BC537A1D}"
EndProject
Project("{FAE04EC0-301F-11D3-BF4B-00C04F79EFBC}") = "Clean.Infrastructure", "Clean.Infrastructure\Clean.Infrastructure.csproj", "{D9931AA3-DF15-4B8E-B7AF-41186739FAAE}"
EndProject
Project("{FAE04EC0-301F-11D3-BF4B-00C04F79EFBC}") = "Clean.Persistance", "Clean.Persistance\Clean.Persistance.csproj", "{E52A5A26-68AF-404E-99A7-56227CCD3671}"
EndProject
Project("{FAE04EC0-301F-11D3-BF4B-00C04F79EFBC}") = "Clean.Common", "Clean.Common\Clean.Common.csproj", "{B94A7023-31EE-4245-A4BE-882EEE23C83B}"
EndProject
Project("{FAE04EC0-301F-11D3-BF4B-00C04F79EFBC}") = "EndPoint.Site", "EndPoint.Site\EndPoint.Site.csproj", "{11A0B24B-6F87-469B-81BB-5C2F726CDB9A}"
EndProject
Global
	GlobalSection(SolutionConfigurationPlatforms) = preSolution
		Debug|Any CPU = Debug|Any CPU
		Release|Any CPU = Release|Any CPU
	EndGlobalSection
	GlobalSection(ProjectConfigurationPlatforms) = postSolution
		{ECD73388-936B-4F8E-96AF-D110FD1B761E}.Debug|Any CPU.ActiveCfg = Debug|Any CPU
		{ECD73388-936B-4F8E-96AF-D110FD1B761E}.Debug|Any CPU.Build.0 = Debug|Any CPU
		{ECD73388-936B-4F8E-96AF-D110FD1B761E}.Release|Any CPU.ActiveCfg = Release|Any CPU
		{ECD73388-936B-4F8E-96AF-D110FD1B761E}.Release|Any CPU.Build.0 = Release|Any CPU
		{50D7D8AC-0DA4-4F03-B751-3875BC537A1D}.Debug|Any CPU.ActiveCfg = Debug|Any CPU
		{50D7D8AC-0DA4-4F03-B751-3875BC537A1D}.Debug|Any CPU.Build.0 = Debug|Any CPU
		{50D7D8AC-0DA4-4F03-B751-3875BC537A1D}.Release|Any CPU.ActiveCfg = Release|Any CPU
		{50D7D8AC-0DA4-4F03-B751-3875BC537A1D}.Release|Any CPU.Build.0 = Release|Any CPU
		{D9931AA3-DF15-4B8E-B7AF-41186739FAAE}.Debug|Any CPU.ActiveCfg = Debug|Any CPU
		{D9931AA3-DF15-4B8E-B7AF-41186739FAAE}.Debug|Any CPU.Build.0 = Debug|Any CPU
		{D9931AA3-DF15-4B8E-B7AF-41186739FAAE}.Release|Any CPU.ActiveCfg = Release|Any CPU
		{D9931AA3-DF15-4B8E-B7AF-41186739FAAE}.Release|Any CPU.Build.0 = Release|Any CPU
		{E52A5A26-68AF-404E-99A7-56227CCD3671}.Debug|Any CPU.ActiveCfg = Debug|Any CPU
		{E52A5A26-68AF-404E-99A7-56227CCD3671}.Debug|Any CPU.Build.0 = Debug|Any CPU
		{E52A5A26-68AF-404E-99A7-56227CCD3671}.Release|Any CPU.ActiveCfg = Release|Any CPU
		{E52A5A26-68AF-404E-99A7-56227CCD3671}.Release|Any CPU.Build.0 = Release|Any CPU
		{B94A7023-31EE-4245-A4BE-882EEE23C83B}.Debug|Any CPU.ActiveCfg = Debug|Any CPU
		{B94A7023-31EE-4245-A4BE-882EEE23C83B}.Debug|Any CPU.Build.0 = Debug|Any CPU
		{B94A7023-31EE-4245-A4BE-882EEE23C83B}.Release|Any CPU.ActiveCfg = Release|Any CPU
		{B94A7023-31EE-4245-A4BE-882EEE23C83B}.Release|Any CPU.Build.0 = Release|Any CPU
		{11A0B24B-6F87-469B-81BB-5C2F726CDB9A}.Debug|Any CPU.ActiveCfg = Debug|Any CPU
		{11A0B24B-6F87-469B-81BB-5C2F726CDB9A}.Debug|Any CPU.Build.0 = Debug|Any CPU
		{11A0B24B-6F87-469B-81BB-5C2F726CDB9A}.Release|Any CPU.ActiveCfg = Release|Any CPU
		{11A0B24B-6F87-469B-81BB-5C2F726CDB9A}.Release|Any CPU.Build.0 = Release|Any CPU
	EndGlobalSection
	GlobalSection(SolutionProperties) = preSolution
		HideSolutionNode = FALSE
	EndGlobalSection
	GlobalSection(NestedProjects) = preSolution
		{72C9DD0D-AD19-4D91-AF33-2C9F8378BF03} = {369CB01D-A1A7-72D2-AABC-3F0945D148A2}
		{90AE00CB-792F-4DEF-96CE-01354E7BF90F} = {369CB01D-A1A7-72D2-AABC-3F0945D148A2}
		{4F401FF3-3C3B-4077-9239-F1E954C6E2DB} = {369CB01D-A1A7-72D2-AABC-3F0945D148A2}
		{EA7F1814-897A-4A59-8905-F6C1BC75EED7} = {369CB01D-A1A7-72D2-AABC-3F0945D148A2}
		{ECD73388-936B-4F8E-96AF-D110FD1B761E} = {72C9DD0D-AD19-4D91-AF33-2C9F8378BF03}
		{50D7D8AC-0DA4-4F03-B751-3875BC537A1D} = {72C9DD0D-AD19-4D91-AF33-2C9F8378BF03}
		{D9931AA3-DF15-4B8E-B7AF-41186739FAAE} = {90AE00CB-792F-4DEF-96CE-01354E7BF90F}
		{E52A5A26-68AF-404E-99A7-56227CCD3671} = {90AE00CB-792F-4DEF-96CE-01354E7BF90F}
		{B94A7023-31EE-4245-A4BE-882EEE23C83B} = {EA7F1814-897A-4A59-8905-F6C1BC75EED7}
		{11A0B24B-6F87-469B-81BB-5C2F726CDB9A} = {4F401FF3-3C3B-4077-9239-F1E954C6E2DB}
	EndGlobalSection
	GlobalSection(ExtensibilityGlobals) = postSolution
		SolutionGuid = {3AE3D03B-632D-4127-815C-27F9F02A6496}
	EndGlobalSection
EndGlobal
